
Microsoft Visual Studio Solution File, Format Version 12.00
# Visual Studio Version 17
VisualStudioVersion = 17.0.31912.275
MinimumVisualStudioVersion = 10.0.40219.1
Project("{9A19103F-16F7-4668-BE54-9A1E7A4F7556}") = "Api", "Web\Api.csproj", "{5FD05C5D-F230-4F10-81CE-D9E4DEED6BE3}"
EndProject
Project("{9A19103F-16F7-4668-BE54-9A1E7A4F7556}") = "Application", "Application\Application.csproj", "{3CDD8473-0C57-499E-9DA2-C9D85DC6F8B3}"
EndProject
Project("{9A19103F-16F7-4668-BE54-9A1E7A4F7556}") = "Core", "Core\Core.csproj", "{B2FD944D-11CB-44CF-A33F-AFE3FD656236}"
EndProject
Project("{2150E333-8FDC-42A3-9474-1A3956D46DE8}") = "Tests", "Tests", "{BFD2F72D-604B-4452-AAEF-8648C99473ED}"
EndProject
Project("{FAE04EC0-301F-11D3-BF4B-00C04F79EFBC}") = "Business", "Tests\Business\Business.csproj", "{92AA29A3-4275-4689-A99E-F70FA53EC656}"
EndProject
Project("{2150E333-8FDC-42A3-9474-1A3956D46DE8}") = "Adapters", "Adapters", "{C6D1B93A-A0E7-4754-BE59-10BDA920653C}"
EndProject
Project("{FAE04EC0-301F-11D3-BF4B-00C04F79EFBC}") = "Adapters", "Tests\Adapters\Adapters.csproj", "{2DC44D49-77CB-4712-B2B7-CAA91F8F15CF}"
EndProject
Global
	GlobalSection(SolutionConfigurationPlatforms) = preSolution
		Debug|Any CPU = Debug|Any CPU
		Release|Any CPU = Release|Any CPU
	EndGlobalSection
	GlobalSection(ProjectConfigurationPlatforms) = postSolution
		{5FD05C5D-F230-4F10-81CE-D9E4DEED6BE3}.Debug|Any CPU.ActiveCfg = Debug|Any CPU
		{5FD05C5D-F230-4F10-81CE-D9E4DEED6BE3}.Debug|Any CPU.Build.0 = Debug|Any CPU
		{5FD05C5D-F230-4F10-81CE-D9E4DEED6BE3}.Release|Any CPU.ActiveCfg = Release|Any CPU
		{5FD05C5D-F230-4F10-81CE-D9E4DEED6BE3}.Release|Any CPU.Build.0 = Release|Any CPU
		{3CDD8473-0C57-499E-9DA2-C9D85DC6F8B3}.Debug|Any CPU.ActiveCfg = Debug|Any CPU
		{3CDD8473-0C57-499E-9DA2-C9D85DC6F8B3}.Debug|Any CPU.Build.0 = Debug|Any CPU
		{3CDD8473-0C57-499E-9DA2-C9D85DC6F8B3}.Release|Any CPU.ActiveCfg = Release|Any CPU
		{3CDD8473-0C57-499E-9DA2-C9D85DC6F8B3}.Release|Any CPU.Build.0 = Release|Any CPU
		{B2FD944D-11CB-44CF-A33F-AFE3FD656236}.Debug|Any CPU.ActiveCfg = Debug|Any CPU
		{B2FD944D-11CB-44CF-A33F-AFE3FD656236}.Debug|Any CPU.Build.0 = Debug|Any CPU
		{B2FD944D-11CB-44CF-A33F-AFE3FD656236}.Release|Any CPU.ActiveCfg = Release|Any CPU
		{B2FD944D-11CB-44CF-A33F-AFE3FD656236}.Release|Any CPU.Build.0 = Release|Any CPU
		{92AA29A3-4275-4689-A99E-F70FA53EC656}.Debug|Any CPU.ActiveCfg = Debug|Any CPU
		{92AA29A3-4275-4689-A99E-F70FA53EC656}.Debug|Any CPU.Build.0 = Debug|Any CPU
		{92AA29A3-4275-4689-A99E-F70FA53EC656}.Release|Any CPU.ActiveCfg = Release|Any CPU
		{92AA29A3-4275-4689-A99E-F70FA53EC656}.Release|Any CPU.Build.0 = Release|Any CPU
		{2DC44D49-77CB-4712-B2B7-CAA91F8F15CF}.Debug|Any CPU.ActiveCfg = Debug|Any CPU
		{2DC44D49-77CB-4712-B2B7-CAA91F8F15CF}.Debug|Any CPU.Build.0 = Debug|Any CPU
		{2DC44D49-77CB-4712-B2B7-CAA91F8F15CF}.Release|Any CPU.ActiveCfg = Release|Any CPU
		{2DC44D49-77CB-4712-B2B7-CAA91F8F15CF}.Release|Any CPU.Build.0 = Release|Any CPU
	EndGlobalSection
	GlobalSection(SolutionProperties) = preSolution
		HideSolutionNode = FALSE
	EndGlobalSection
	GlobalSection(NestedProjects) = preSolution
		{5FD05C5D-F230-4F10-81CE-D9E4DEED6BE3} = {C6D1B93A-A0E7-4754-BE59-10BDA920653C}
		{92AA29A3-4275-4689-A99E-F70FA53EC656} = {BFD2F72D-604B-4452-AAEF-8648C99473ED}
		{2DC44D49-77CB-4712-B2B7-CAA91F8F15CF} = {BFD2F72D-604B-4452-AAEF-8648C99473ED}
	EndGlobalSection
	GlobalSection(ExtensibilityGlobals) = postSolution
		SolutionGuid = {D9E36F50-44A5-459A-962B-23D8E2F6EA31}
	EndGlobalSection
EndGlobal
